
Microsoft Visual Studio Solution File, Format Version 12.00
# Visual Studio Express 2012 for Windows Desktop
Project("{FAE04EC0-301F-11D3-BF4B-00C04F79EFBC}") = "PoConvert", "PoConvert\PoConvert.csproj", "{4745AA69-EA5D-4763-8ED7-B8519978144A}"
EndProject
Project("{2150E333-8FDC-42A3-9474-1A3956D46DE8}") = ".nuget", ".nuget", "{BA06CA42-CE18-4BAA-A362-8E194362D8A2}"
	ProjectSection(SolutionItems) = preProject
		.nuget\NuGet.Config = .nuget\NuGet.Config
		.nuget\NuGet.exe = .nuget\NuGet.exe
		.nuget\NuGet.targets = .nuget\NuGet.targets
	EndProjectSection
EndProject
Global
	GlobalSection(SolutionConfigurationPlatforms) = preSolution
		Debug|Any CPU = Debug|Any CPU
		Release|Any CPU = Release|Any CPU
	EndGlobalSection
	GlobalSection(ProjectConfigurationPlatforms) = postSolution
		{4745AA69-EA5D-4763-8ED7-B8519978144A}.Debug|Any CPU.ActiveCfg = Debug|Any CPU
		{4745AA69-EA5D-4763-8ED7-B8519978144A}.Debug|Any CPU.Build.0 = Debug|Any CPU
		{4745AA69-EA5D-4763-8ED7-B8519978144A}.Release|Any CPU.ActiveCfg = Release|Any CPU
		{4745AA69-EA5D-4763-8ED7-B8519978144A}.Release|Any CPU.Build.0 = Release|Any CPU
	EndGlobalSection
	GlobalSection(SolutionProperties) = preSolution
		HideSolutionNode = FALSE
	EndGlobalSection
EndGlobal
